
Microsoft Visual Studio Solution File, Format Version 12.00
# Visual Studio 14
VisualStudioVersion = 14.0.22013.1
MinimumVisualStudioVersion = 10.0.40219.1
Project("{8BB2217D-0F2D-49D1-97BC-3654ED321F3B}") = "vNext Source Control", "vNext Source Control\vNext Source Control.kproj", "{9FF1CBFD-ABC2-45C9-9ED6-FAF101E49EA2}"
EndProject
Global
	GlobalSection(SolutionConfigurationPlatforms) = preSolution
		Debug|Any CPU = Debug|Any CPU
		Release|Any CPU = Release|Any CPU
	EndGlobalSection
	GlobalSection(ProjectConfigurationPlatforms) = postSolution
		{9FF1CBFD-ABC2-45C9-9ED6-FAF101E49EA2}.Debug|Any CPU.ActiveCfg = Debug|Any CPU
		{9FF1CBFD-ABC2-45C9-9ED6-FAF101E49EA2}.Debug|Any CPU.Build.0 = Debug|Any CPU
		{9FF1CBFD-ABC2-45C9-9ED6-FAF101E49EA2}.Release|Any CPU.ActiveCfg = Release|Any CPU
		{9FF1CBFD-ABC2-45C9-9ED6-FAF101E49EA2}.Release|Any CPU.Build.0 = Release|Any CPU
	EndGlobalSection
	GlobalSection(SolutionProperties) = preSolution
		HideSolutionNode = FALSE
	EndGlobalSection
EndGlobal
